
Microsoft Visual Studio Solution File, Format Version 12.00
# Visual Studio Version 16
VisualStudioVersion = 16.0.31229.75
MinimumVisualStudioVersion = 10.0.40219.1
Project("{FAE04EC0-301F-11D3-BF4B-00C04F79EFBC}") = "StealthCipher", "StealthCipher\StealthCipher.csproj", "{D6B6457B-0990-4C03-AD14-FED2FAF4CECB}"
EndProject
Global
	GlobalSection(SolutionConfigurationPlatforms) = preSolution
		Debug|Any CPU = Debug|Any CPU
		Release|Any CPU = Release|Any CPU
	EndGlobalSection
	GlobalSection(ProjectConfigurationPlatforms) = postSolution
		{D6B6457B-0990-4C03-AD14-FED2FAF4CECB}.Debug|Any CPU.ActiveCfg = Debug|Any CPU
		{D6B6457B-0990-4C03-AD14-FED2FAF4CECB}.Debug|Any CPU.Build.0 = Debug|Any CPU
		{D6B6457B-0990-4C03-AD14-FED2FAF4CECB}.Release|Any CPU.ActiveCfg = Release|Any CPU
		{D6B6457B-0990-4C03-AD14-FED2FAF4CECB}.Release|Any CPU.Build.0 = Release|Any CPU
	EndGlobalSection
	GlobalSection(SolutionProperties) = preSolution
		HideSolutionNode = FALSE
	EndGlobalSection
	GlobalSection(ExtensibilityGlobals) = postSolution
		SolutionGuid = {B5EAF207-76EB-4F5B-B055-5F9B2C5476C3}
	EndGlobalSection
EndGlobal
